
Microsoft Visual Studio Solution File, Format Version 12.00
# Visual Studio Version 17
VisualStudioVersion = 17.9.34728.123
MinimumVisualStudioVersion = 10.0.40219.1
Project("{FAE04EC0-301F-11D3-BF4B-00C04F79EFBC}") = "OOP_LR3", "OOP_LR3\OOP_LR3.csproj", "{ADD749D2-3BE6-436C-9C95-CA00ED56203C}"
EndProject
Global
	GlobalSection(SolutionConfigurationPlatforms) = preSolution
		Debug|Any CPU = Debug|Any CPU
		Release|Any CPU = Release|Any CPU
	EndGlobalSection
	GlobalSection(ProjectConfigurationPlatforms) = postSolution
		{ADD749D2-3BE6-436C-9C95-CA00ED56203C}.Debug|Any CPU.ActiveCfg = Debug|Any CPU
		{ADD749D2-3BE6-436C-9C95-CA00ED56203C}.Debug|Any CPU.Build.0 = Debug|Any CPU
		{ADD749D2-3BE6-436C-9C95-CA00ED56203C}.Release|Any CPU.ActiveCfg = Release|Any CPU
		{ADD749D2-3BE6-436C-9C95-CA00ED56203C}.Release|Any CPU.Build.0 = Release|Any CPU
	EndGlobalSection
	GlobalSection(SolutionProperties) = preSolution
		HideSolutionNode = FALSE
	EndGlobalSection
	GlobalSection(ExtensibilityGlobals) = postSolution
		SolutionGuid = {9DF87243-002A-4369-9070-4B2C9912E807}
	EndGlobalSection
EndGlobal
